# This file was autogenerated by Stack.
# You should not edit this file by hand.
# For more information, please see the documentation at:
#   https://docs.haskellstack.org/en/stable/lock_files

packages:
- completed:
    commit: 51fa65df63fc8aa4d753b86c11e82db9c5718ac1
    git: https://github.com/nedervold/std-token.git
    name: std-token
    pantry-tree:
      sha256: 1f5e7f9f1fe4faf02b76cb1455d25bf7353ad3ee02f79326b0b354051c620bc2
      size: 511
    version: 0.1.0.0
  original:
    commit: 51fa65df63fc8aa4d753b86c11e82db9c5718ac1
    git: https://github.com/nedervold/std-token.git
- completed:
    commit: 40c9af17403e0c5a55d707eac44738581a896303
    git: https://github.com/nedervold/ebnf-extensions.git
    name: ebnf-extensions
    pantry-tree:
      sha256: 616025e051bb4c10e134aa737bb2a767ab16249d057c26905fe41d173b41e376
      size: 1003
    version: 0.1.0.0
  original:
    commit: 40c9af17403e0c5a55d707eac44738581a896303
    git: https://github.com/nedervold/ebnf-extensions.git
snapshots:
- completed:
    sha256: bfafe5735ccb74527d754b1f9999ded72d7c3a6c3a88529449661431ccfbd6cc
    size: 649327
    url: https://raw.githubusercontent.com/commercialhaskell/stackage-snapshots/master/lts/20/8.yaml
  original:
    url: https://raw.githubusercontent.com/commercialhaskell/stackage-snapshots/master/lts/20/8.yaml
