# This file was autogenerated by Stack.
# You should not edit this file by hand.
# For more information, please see the documentation at:
#   https://docs.haskellstack.org/en/stable/lock_files

packages:
- completed:
    commit: 30b8edffd2ff889546c40f9f72c432e8d63bc0d5
    git: https://github.com/nedervold/std-token.git
    name: std-token
    pantry-tree:
      sha256: feeb0f247e7f313f21b99692291738cf5e0feec98c0cc0b2b0c9261443988387
      size: 511
    version: 0.2.0.0
  original:
    commit: 30b8edffd2ff889546c40f9f72c432e8d63bc0d5
    git: https://github.com/nedervold/std-token.git
- completed:
    commit: ba54fd0ac5659ca75be58765620604c904897749
    git: https://github.com/nedervold/ebnf-extensions.git
    name: ebnf-extensions
    pantry-tree:
      sha256: 1503c652d83064cb1d677ac1748950cd258a43569d2367298cd830e1d7fcca6a
      size: 1003
    version: 0.1.0.0
  original:
    commit: ba54fd0ac5659ca75be58765620604c904897749
    git: https://github.com/nedervold/ebnf-extensions.git
snapshots:
- completed:
    sha256: 4be1ca5d31689b524a7f0f17a439bbe9136465213edc498e9a395899a670f2aa
    size: 718486
    url: https://raw.githubusercontent.com/commercialhaskell/stackage-snapshots/master/lts/22/22.yaml
  original: lts-22.22
